{
  "name": "deppy",
  "version": "1.0.0",
  "lockfileVersion": 2,
  "requires": true,
  "packages": {
    "": {
      "name": "deppy",
      "version": "1.0.0",
      "license": "ISC",
      "dependencies": {
        "@types/node": "^18.7.18",
        "emitter": "http://github.com/component/emitter/archive/1.0.1.tar.gz"
      },
      "bin": {
        "deppy": "dist/src/main.ts"
      }
    },
    "node_modules/@test/example1": {
      "version": "1.0.1",
      "resolved": "git+https://deploy-token:hnsadfdaJYBSDGA75@gitlab.com/example/example/myrepo.git#main",
      "integrity": "sha512-k3Da+QreMb9waaGCHNAHox5QqxnZEYlQmvIVYwQibrI6OpIRyIIyFGgDV5dXRLr1AJ32JLqEh0VxQEq20dFskw==",
      "dependencies": {
        "indexof": "0.0.1"
      }
    },
    "node_modules/@test/example2": {
      "version": "1.0.1",
      "resolved": "git+ssh://git:password@github.com:org/referral-platform-portal-shared.git",
      "integrity": "sha512-k3Da+QreMb9waaGCHNAHox5QqxnZEYlQmvIVYwQibrI6OpIRyIIyFGgDV5dXRLr1AJ32JLqEh0VxQEq20dFskw==",
      "dependencies": {
        "indexof": "0.0.1"
      }
    }
  },
  "dependencies": {
    "@test/example1": {
      "version": "1.0.0",
      "resolved": "git+https://deploy-token:hnsadfdaJYBSDGA75@gitlab.com/example/example/myrepo.git#main",
      "integrity": "sha512-k3Da+QreMb9waaGCHNAHox5QqxnZEYlQmvIVYwQibrI6OpIRyIIyFGgDV5dXRLr1AJ32JLqEh0VxQEq20dFskw==",
      "requires": {
        "indexof": "0.0.1"
      }
    },
    "@test/example2": {
      "version": "1.0.0",
      "resolved": "git+ssh://git:password@github.com:org/referral-platform-portal-shared.git",
      "integrity": "sha512-k3Da+QreMb9waaGCHNAHox5QqxnZEYlQmvIVYwQibrI6OpIRyIIyFGgDV5dXRLr1AJ32JLqEh0VxQEq20dFskw==",
      "requires": {
        "indexof": "0.0.1"
      }
    }
  }
}
