{
  "name": "test",
  "version": "1.0.0",
  "lockfileVersion": 3,
  "requires": true,
  "packages": {
    "": {
      "name": "test",
      "version": "1.0.0",
      "license": "ISC",
      "dependencies": {
        "not-existing": "^8.0.0",
        "@noscope/noname": "^1.0.0"
      }
    },
    "node_modules/not-existing": {
      "version": "2.2.0",
      "resolved": "https://registry.nope.org/not-existing/-/remapping-2.2.0.tgz",
      "integrity": "sha512-qRmjj8nj9qmLTQXXma123ck3UXSRMPrbsLJAasZpF+t3riI71BXed5ebIOYwQntykeZuhjsdweEc9BxH5Jc26w=="
    },
    "node_modules/@noscope/noname": {
      "version": "1.2.0",
      "resolved": "https://registry.nope.org/@noscope/noname/-/remapping-2.2.0.tgz",
      "integrity": "sha512-qRajj8nj9qmLTQXXma123ck3UXSRMPrbsLJAasZpF+t3riI71BXed5ebIOYwQntykeZuhjsdweEc9BxH5Jc26w=="
    }
  }
}
