{
  "name": "deppy",
  "version": "1.0.0",
  "lockfileVersion": 2,
  "requires": true,
  "packages": {
    "": {
      "name": "deppy",
      "version": "1.0.0",
      "license": "ISC",
      "dependencies": {
        "callsites": "^2.0.0",
        "bla": "^1.0.0"
      },
      "bin": {
        "deppy": "dist/src/main.ts"
      }
    },
    "node_modules/callsites": {
      "version": "2.0.0",
      "resolved": "https://registry.npmjs.org/callsites/-/callsites-2.0.0.tgz",
      "integrity": "sha1-BuuE8A7qQT2oav/vrL/7Ngk7PFA="
    },
    "bla": {
      "version": "1.0.0",
      "resolved": "https://registry.npmjs.org/bla/-/bla-2.0.0.tgz",
      "integrity": "sha1-BuuE8A7qQT2oav/vrL/7Agk7PFA="
    }
    
  },
  "dependencies": {
    "callsites": {
      "version": "2.0.0",
      "resolved": "https://registry.npmjs.org/callsites/-/callsites-2.0.0.tgz",
      "integrity": "sha1-BuuE8A7qQT2oav/vrL/7Ngk7PFA="
    },
    "bla": {
      "version": "1.0.0",
      "resolved": "https://registry.npmjs.org/bla/-/bla-2.0.0.tgz",
      "integrity": "sha1-BuuE8A7qQT2oav/vrL/7Agk7PFA="
    }
  }
}
